
Microsoft Visual Studio Solution File, Format Version 12.00
# Visual Studio 14
VisualStudioVersion = 14.0.25420.1
MinimumVisualStudioVersion = 10.0.40219.1
Project("{FAE04EC0-301F-11D3-BF4B-00C04F79EFBC}") = "CS280-Homework-1.2", "CS280-Homework-1.2\CS280-Homework-1.2.csproj", "{1CEFDBA5-9122-4B49-9BDB-B4A5A03509AD}"
EndProject
Global
	GlobalSection(SolutionConfigurationPlatforms) = preSolution
		Debug|Any CPU = Debug|Any CPU
		Release|Any CPU = Release|Any CPU
	EndGlobalSection
	GlobalSection(ProjectConfigurationPlatforms) = postSolution
		{1CEFDBA5-9122-4B49-9BDB-B4A5A03509AD}.Debug|Any CPU.ActiveCfg = Debug|Any CPU
		{1CEFDBA5-9122-4B49-9BDB-B4A5A03509AD}.Debug|Any CPU.Build.0 = Debug|Any CPU
		{1CEFDBA5-9122-4B49-9BDB-B4A5A03509AD}.Release|Any CPU.ActiveCfg = Release|Any CPU
		{1CEFDBA5-9122-4B49-9BDB-B4A5A03509AD}.Release|Any CPU.Build.0 = Release|Any CPU
	EndGlobalSection
	GlobalSection(SolutionProperties) = preSolution
		HideSolutionNode = FALSE
	EndGlobalSection
EndGlobal
